
Microsoft Visual Studio Solution File, Format Version 12.00
# Visual Studio Version 17
VisualStudioVersion = 17.7.34221.43
MinimumVisualStudioVersion = 10.0.40219.1
Project("{FAE04EC0-301F-11D3-BF4B-00C04F79EFBC}") = "MySQL", "MySQL.csproj", "{371F8D43-CE2D-4966-9067-32A2D33BF59B}"
EndProject
Global
	GlobalSection(SolutionConfigurationPlatforms) = preSolution
		Debug|Any CPU = Debug|Any CPU
		Release|Any CPU = Release|Any CPU
	EndGlobalSection
	GlobalSection(ProjectConfigurationPlatforms) = postSolution
		{371F8D43-CE2D-4966-9067-32A2D33BF59B}.Debug|Any CPU.ActiveCfg = Debug|Any CPU
		{371F8D43-CE2D-4966-9067-32A2D33BF59B}.Debug|Any CPU.Build.0 = Debug|Any CPU
		{371F8D43-CE2D-4966-9067-32A2D33BF59B}.Release|Any CPU.ActiveCfg = Release|Any CPU
		{371F8D43-CE2D-4966-9067-32A2D33BF59B}.Release|Any CPU.Build.0 = Release|Any CPU
	EndGlobalSection
	GlobalSection(SolutionProperties) = preSolution
		HideSolutionNode = FALSE
	EndGlobalSection
	GlobalSection(ExtensibilityGlobals) = postSolution
		SolutionGuid = {409D70A4-3200-45FE-AF3F-E8D49689C8C0}
	EndGlobalSection
EndGlobal
